
Microsoft Visual Studio Solution File, Format Version 12.00
# Visual Studio Version 17
VisualStudioVersion = 17.2.32630.192
MinimumVisualStudioVersion = 10.0.40219.1
Project("{9A19103F-16F7-4668-BE54-9A1E7A4F7556}") = "VM_UnitTests", "VM_UnitTests\VM_UnitTests.csproj", "{73851EDC-7BFE-44C4-9400-25288D54E824}"
	ProjectSection(ProjectDependencies) = postProject
		{0F069AB6-A6D0-4CF7-8CFA-4DAB39C383C7} = {0F069AB6-A6D0-4CF7-8CFA-4DAB39C383C7}
	EndProjectSection
EndProject
Project("{9A19103F-16F7-4668-BE54-9A1E7A4F7556}") = "VendingMachine", "VendingMachine\VendingMachine.csproj", "{0F069AB6-A6D0-4CF7-8CFA-4DAB39C383C7}"
EndProject
Project("{9A19103F-16F7-4668-BE54-9A1E7A4F7556}") = "VendingMachine.Business", "VendingMachine.Business\VendingMachine.Business.csproj", "{CD358744-7729-4900-A3D9-871BF865EB2B}"
EndProject
Project("{9A19103F-16F7-4668-BE54-9A1E7A4F7556}") = "VendingMachine.Presentation", "VendingMachine.Presentation\VendingMachine.Presentation.csproj", "{68791550-1375-45C0-AC36-AB35706A9A4D}"
EndProject
Project("{9A19103F-16F7-4668-BE54-9A1E7A4F7556}") = "VendingMachine.DataAccess", "VendingMachine.DataAccess\VendingMachine.DataAccess.csproj", "{F884CCA2-C6B4-4F81-A5F9-1DAB6C411331}"
EndProject
Project("{9A19103F-16F7-4668-BE54-9A1E7A4F7556}") = "JsonReports", "JsonReports\JsonReports.csproj", "{F7017FEB-C24A-444E-AA83-BF33D9BB1C85}"
EndProject
Project("{FAE04EC0-301F-11D3-BF4B-00C04F79EFBC}") = "XmlReports", "XmlReports\XmlReports.csproj", "{E7121718-3150-405C-B7BB-26699777711F}"
EndProject
Global
	GlobalSection(SolutionConfigurationPlatforms) = preSolution
		Debug|Any CPU = Debug|Any CPU
		Release|Any CPU = Release|Any CPU
	EndGlobalSection
	GlobalSection(ProjectConfigurationPlatforms) = postSolution
		{73851EDC-7BFE-44C4-9400-25288D54E824}.Debug|Any CPU.ActiveCfg = Debug|Any CPU
		{73851EDC-7BFE-44C4-9400-25288D54E824}.Debug|Any CPU.Build.0 = Debug|Any CPU
		{73851EDC-7BFE-44C4-9400-25288D54E824}.Release|Any CPU.ActiveCfg = Release|Any CPU
		{73851EDC-7BFE-44C4-9400-25288D54E824}.Release|Any CPU.Build.0 = Release|Any CPU
		{0F069AB6-A6D0-4CF7-8CFA-4DAB39C383C7}.Debug|Any CPU.ActiveCfg = Debug|Any CPU
		{0F069AB6-A6D0-4CF7-8CFA-4DAB39C383C7}.Debug|Any CPU.Build.0 = Debug|Any CPU
		{0F069AB6-A6D0-4CF7-8CFA-4DAB39C383C7}.Release|Any CPU.ActiveCfg = Release|Any CPU
		{0F069AB6-A6D0-4CF7-8CFA-4DAB39C383C7}.Release|Any CPU.Build.0 = Release|Any CPU
		{CD358744-7729-4900-A3D9-871BF865EB2B}.Debug|Any CPU.ActiveCfg = Debug|Any CPU
		{CD358744-7729-4900-A3D9-871BF865EB2B}.Debug|Any CPU.Build.0 = Debug|Any CPU
		{CD358744-7729-4900-A3D9-871BF865EB2B}.Release|Any CPU.ActiveCfg = Release|Any CPU
		{CD358744-7729-4900-A3D9-871BF865EB2B}.Release|Any CPU.Build.0 = Release|Any CPU
		{68791550-1375-45C0-AC36-AB35706A9A4D}.Debug|Any CPU.ActiveCfg = Debug|Any CPU
		{68791550-1375-45C0-AC36-AB35706A9A4D}.Debug|Any CPU.Build.0 = Debug|Any CPU
		{68791550-1375-45C0-AC36-AB35706A9A4D}.Release|Any CPU.ActiveCfg = Release|Any CPU
		{68791550-1375-45C0-AC36-AB35706A9A4D}.Release|Any CPU.Build.0 = Release|Any CPU
		{F884CCA2-C6B4-4F81-A5F9-1DAB6C411331}.Debug|Any CPU.ActiveCfg = Debug|Any CPU
		{F884CCA2-C6B4-4F81-A5F9-1DAB6C411331}.Debug|Any CPU.Build.0 = Debug|Any CPU
		{F884CCA2-C6B4-4F81-A5F9-1DAB6C411331}.Release|Any CPU.ActiveCfg = Release|Any CPU
		{F884CCA2-C6B4-4F81-A5F9-1DAB6C411331}.Release|Any CPU.Build.0 = Release|Any CPU
		{F7017FEB-C24A-444E-AA83-BF33D9BB1C85}.Debug|Any CPU.ActiveCfg = Debug|Any CPU
		{F7017FEB-C24A-444E-AA83-BF33D9BB1C85}.Debug|Any CPU.Build.0 = Debug|Any CPU
		{F7017FEB-C24A-444E-AA83-BF33D9BB1C85}.Release|Any CPU.ActiveCfg = Release|Any CPU
		{F7017FEB-C24A-444E-AA83-BF33D9BB1C85}.Release|Any CPU.Build.0 = Release|Any CPU
		{E7121718-3150-405C-B7BB-26699777711F}.Debug|Any CPU.ActiveCfg = Debug|Any CPU
		{E7121718-3150-405C-B7BB-26699777711F}.Debug|Any CPU.Build.0 = Debug|Any CPU
		{E7121718-3150-405C-B7BB-26699777711F}.Release|Any CPU.ActiveCfg = Release|Any CPU
		{E7121718-3150-405C-B7BB-26699777711F}.Release|Any CPU.Build.0 = Release|Any CPU
	EndGlobalSection
	GlobalSection(SolutionProperties) = preSolution
		HideSolutionNode = FALSE
	EndGlobalSection
	GlobalSection(ExtensibilityGlobals) = postSolution
		SolutionGuid = {11796A51-16C9-464A-9B04-BBAF50AA714E}
	EndGlobalSection
EndGlobal
